{
  "name": "scripts",
  "version": "1.0.0",
  "lockfileVersion": 3,
  "requires": true,
  "packages": {
    "": {
      "name": "scripts",
      "version": "1.0.0",
      "license": "ISC",
      "dependencies": {
        "@solana-program/system": "^0.10.0",
        "@solana-program/token": "^0.9.0",
        "@solana-program/token-2022": "^0.6.1",
        "@solana/kit": "^5.1.0",
        "ws": "^8.18.3"
      }
    },
    "node_modules/@solana-program/system": {
      "version": "0.10.0",
      "resolved": "https://registry.npmjs.org/@solana-program/system/-/system-0.10.0.tgz",
      "integrity": "sha512-Go+LOEZmqmNlfr+Gjy5ZWAdY5HbYzk2RBewD9QinEU/bBSzpFfzqDRT55JjFRBGJUvMgf3C2vfXEGT4i8DSI4g==",
      "license": "Apache-2.0",
      "peerDependencies": {
        "@solana/kit": "^5.0"
      }
    },
    "node_modules/@solana-program/token": {
      "version": "0.9.0",
      "resolved": "https://registry.npmjs.org/@solana-program/token/-/token-0.9.0.tgz",
      "integrity": "sha512-vnZxndd4ED4Fc56sw93cWZ2djEeeOFxtaPS8SPf5+a+JZjKA/EnKqzbE1y04FuMhIVrLERQ8uR8H2h72eZzlsA==",
      "license": "Apache-2.0",
      "peerDependencies": {
        "@solana/kit": "^5.0"
      }
    },
    "node_modules/@solana-program/token-2022": {
      "version": "0.6.1",
      "resolved": "https://registry.npmjs.org/@solana-program/token-2022/-/token-2022-0.6.1.tgz",
      "integrity": "sha512-Ex02cruDMGfBMvZZCrggVR45vdQQSI/unHVpt/7HPt/IwFYB4eTlXtO8otYZyqV/ce5GqZ8S6uwyRf0zy6fdbA==",
      "license": "Apache-2.0",
      "peerDependencies": {
        "@solana/kit": "^5.0",
        "@solana/sysvars": "^5.0"
      }
    },
    "node_modules/@solana/accounts": {
      "version": "5.1.0",
      "resolved": "https://registry.npmjs.org/@solana/accounts/-/accounts-5.1.0.tgz",
      "integrity": "sha512-Q1KzykCrl/YjLUH2RXF8vPq65U/ehAV2SHZicPbZ0jvgQUU6X1+Eca+0ilxA9xH8srYn3YTVDyEs/LYdfbY/2A==",
      "license": "MIT",
      "dependencies": {
        "@solana/addresses": "5.1.0",
        "@solana/codecs-core": "5.1.0",
        "@solana/codecs-strings": "5.1.0",
        "@solana/errors": "5.1.0",
        "@solana/rpc-spec": "5.1.0",
        "@solana/rpc-types": "5.1.0"
      },
      "engines": {
        "node": ">=20.18.0"
      },
      "peerDependencies": {
        "typescript": ">=5.3.3"
      }
    },
    "node_modules/@solana/addresses": {
      "version": "5.1.0",
      "resolved": "https://registry.npmjs.org/@solana/addresses/-/addresses-5.1.0.tgz",
      "integrity": "sha512-X84qSZLgve9YeYsyxGI49WnfEre53tdFu4x9/4oULBgoj8d0A+P9VGLYzmRJ0YFYKRcZG7U4u3MQpI5uLZ1AsQ==",
      "license": "MIT",
      "dependencies": {
        "@solana/assertions": "5.1.0",
        "@solana/codecs-core": "5.1.0",
        "@solana/codecs-strings": "5.1.0",
        "@solana/errors": "5.1.0",
        "@solana/nominal-types": "5.1.0"
      },
      "engines": {
        "node": ">=20.18.0"
      },
      "peerDependencies": {
        "typescript": ">=5.3.3"
      }
    },
    "node_modules/@solana/assertions": {
      "version": "5.1.0",
      "resolved": "https://registry.npmjs.org/@solana/assertions/-/assertions-5.1.0.tgz",
      "integrity": "sha512-5But2wyxuvGXMIOnD0jBMQ9yq1QQF2LSK3IbIRSkAkXbD3DS6O2tRvKUHNhogd+BpkPyCGOQHBycezgnxmStlg==",
      "license": "MIT",
      "dependencies": {
        "@solana/errors": "5.1.0"
      },
      "engines": {
        "node": ">=20.18.0"
      },
      "peerDependencies": {
        "typescript": ">=5.3.3"
      }
    },
    "node_modules/@solana/codecs": {
      "version": "5.1.0",
      "resolved": "https://registry.npmjs.org/@solana/codecs/-/codecs-5.1.0.tgz",
      "integrity": "sha512-krSuf/E2Sa/4oASZ/jb/5KGUG58m1/bQdLrKvBnoAFhYj7zZf+8V4UqHGTV5n2NCQfmMyORsg9n2saKjkUzo8w==",
      "license": "MIT",
      "dependencies": {
        "@solana/codecs-core": "5.1.0",
        "@solana/codecs-data-structures": "5.1.0",
        "@solana/codecs-numbers": "5.1.0",
        "@solana/codecs-strings": "5.1.0",
        "@solana/options": "5.1.0"
      },
      "engines": {
        "node": ">=20.18.0"
      },
      "peerDependencies": {
        "typescript": ">=5.3.3"
      }
    },
    "node_modules/@solana/codecs-core": {
      "version": "5.1.0",
      "resolved": "https://registry.npmjs.org/@solana/codecs-core/-/codecs-core-5.1.0.tgz",
      "integrity": "sha512-vDwi03mxWeWCS5Il6BCdNdifYdOoHVz97YOmbWGIt45b77Ivu5NUYeSD2+ccl6fSw8eYQ6QaqqKXMjbSfsXv4g==",
      "license": "MIT",
      "dependencies": {
        "@solana/errors": "5.1.0"
      },
      "engines": {
        "node": ">=20.18.0"
      },
      "peerDependencies": {
        "typescript": ">=5.3.3"
      }
    },
    "node_modules/@solana/codecs-data-structures": {
      "version": "5.1.0",
      "resolved": "https://registry.npmjs.org/@solana/codecs-data-structures/-/codecs-data-structures-5.1.0.tgz",
      "integrity": "sha512-ftAwL/jsurFrk9kFVhkTLdQ8fGZ8I0PcbVH+V1a0dIP2aKDofGePvK0XbwZE/ohizC9gEIZxyBX5IgRKk5PXyg==",
      "license": "MIT",
      "dependencies": {
        "@solana/codecs-core": "5.1.0",
        "@solana/codecs-numbers": "5.1.0",
        "@solana/errors": "5.1.0"
      },
      "engines": {
        "node": ">=20.18.0"
      },
      "peerDependencies": {
        "typescript": ">=5.3.3"
      }
    },
    "node_modules/@solana/codecs-numbers": {
      "version": "5.1.0",
      "resolved": "https://registry.npmjs.org/@solana/codecs-numbers/-/codecs-numbers-5.1.0.tgz",
      "integrity": "sha512-Ea5/9yjDNOrDZcI40UGzzi6Aq1JNsmzM4m5pOk6Xb3JRZ0YdKOv/MwuCqb6jRgzZ7SQjHhkfGL43kHLJA++bOw==",
      "license": "MIT",
      "dependencies": {
        "@solana/codecs-core": "5.1.0",
        "@solana/errors": "5.1.0"
      },
      "engines": {
        "node": ">=20.18.0"
      },
      "peerDependencies": {
        "typescript": ">=5.3.3"
      }
    },
    "node_modules/@solana/codecs-strings": {
      "version": "5.1.0",
      "resolved": "https://registry.npmjs.org/@solana/codecs-strings/-/codecs-strings-5.1.0.tgz",
      "integrity": "sha512-014xwl5T/3VnGW0gceizF47DUs5EURRtgGmbWIR5+Z32yxgQ6hT9Zl0atZbL268RHbUQ03/J8Ush1StQgy7sfQ==",
      "license": "MIT",
      "dependencies": {
        "@solana/codecs-core": "5.1.0",
        "@solana/codecs-numbers": "5.1.0",
        "@solana/errors": "5.1.0"
      },
      "engines": {
        "node": ">=20.18.0"
      },
      "peerDependencies": {
        "fastestsmallesttextencoderdecoder": "^1.0.22",
        "typescript": ">=5.3.3"
      },
      "peerDependenciesMeta": {
        "fastestsmallesttextencoderdecoder": {
          "optional": true
        }
      }
    },
    "node_modules/@solana/errors": {
      "version": "5.1.0",
      "resolved": "https://registry.npmjs.org/@solana/errors/-/errors-5.1.0.tgz",
      "integrity": "sha512-JlTyekErWa6Fdcwu1Hrh+jZxjM4YxyorGCFDRVZlmHZFkp5N00DWKcYnSGZrTF8E6ZZEP9pfS2XwM8y7p7HPww==",
      "license": "MIT",
      "dependencies": {
        "chalk": "5.6.2",
        "commander": "14.0.2"
      },
      "bin": {
        "errors": "bin/cli.mjs"
      },
      "engines": {
        "node": ">=20.18.0"
      },
      "peerDependencies": {
        "typescript": ">=5.3.3"
      }
    },
    "node_modules/@solana/fast-stable-stringify": {
      "version": "5.1.0",
      "resolved": "https://registry.npmjs.org/@solana/fast-stable-stringify/-/fast-stable-stringify-5.1.0.tgz",
      "integrity": "sha512-ACZo7cH/5EXsBmruw/0gU2/PXL2l4aET0YpL93H6QEaZwEAICFD8cLkj20nBcfLTf4srEiuKtwuSDeONTWIulw==",
      "license": "MIT",
      "engines": {
        "node": ">=20.18.0"
      },
      "peerDependencies": {
        "typescript": ">=5.3.3"
      }
    },
    "node_modules/@solana/functional": {
      "version": "5.1.0",
      "resolved": "https://registry.npmjs.org/@solana/functional/-/functional-5.1.0.tgz",
      "integrity": "sha512-R6jacWU0Gr+j49lTDp+FSECBolqw2Gq7JlC22rI0JkcxJiiAlp3G80v6zAYq0FkHzxZbjyR6//JYUXSwliem5g==",
      "license": "MIT",
      "engines": {
        "node": ">=20.18.0"
      },
      "peerDependencies": {
        "typescript": ">=5.3.3"
      }
    },
    "node_modules/@solana/instruction-plans": {
      "version": "5.1.0",
      "resolved": "https://registry.npmjs.org/@solana/instruction-plans/-/instruction-plans-5.1.0.tgz",
      "integrity": "sha512-friMgHt0z5jQlCyyTDXfwAMYjCAagI7QYR+hLWB/BmvSuRpai0ddToWbWJoqrNRM312xZ+Oy/qjC3+Ftzi0DLA==",
      "license": "MIT",
      "dependencies": {
        "@solana/errors": "5.1.0",
        "@solana/instructions": "5.1.0",
        "@solana/keys": "5.1.0",
        "@solana/promises": "5.1.0",
        "@solana/transaction-messages": "5.1.0",
        "@solana/transactions": "5.1.0"
      },
      "engines": {
        "node": ">=20.18.0"
      },
      "peerDependencies": {
        "typescript": ">=5.3.3"
      }
    },
    "node_modules/@solana/instructions": {
      "version": "5.1.0",
      "resolved": "https://registry.npmjs.org/@solana/instructions/-/instructions-5.1.0.tgz",
      "integrity": "sha512-fkwpUwwqk5K14T/kZDnCrfeR0kww49HBx+BK8xdSeJx+bt4QTwAHa9YeOkGhGrHEFVEJEUf8FKoxxTzZzJZtKQ==",
      "license": "MIT",
      "dependencies": {
        "@solana/codecs-core": "5.1.0",
        "@solana/errors": "5.1.0"
      },
      "engines": {
        "node": ">=20.18.0"
      },
      "peerDependencies": {
        "typescript": ">=5.3.3"
      }
    },
    "node_modules/@solana/keys": {
      "version": "5.1.0",
      "resolved": "https://registry.npmjs.org/@solana/keys/-/keys-5.1.0.tgz",
      "integrity": "sha512-ma4zTTuSOmtTCvATHMfUGNTw0Vqah/6XPe1VmLc66ohwXMI3yqatX1FQPXgDZozr15SvLAesfs7/bgl2TRoe9w==",
      "license": "MIT",
      "dependencies": {
        "@solana/assertions": "5.1.0",
        "@solana/codecs-core": "5.1.0",
        "@solana/codecs-strings": "5.1.0",
        "@solana/errors": "5.1.0",
        "@solana/nominal-types": "5.1.0"
      },
      "engines": {
        "node": ">=20.18.0"
      },
      "peerDependencies": {
        "typescript": ">=5.3.3"
      }
    },
    "node_modules/@solana/kit": {
      "version": "5.1.0",
      "resolved": "https://registry.npmjs.org/@solana/kit/-/kit-5.1.0.tgz",
      "integrity": "sha512-oNQRzI0+mGWmXy05psO0J7r9Boy8PF7LH5H0Y9Jxvs10AbG4oSOBtyj20EccsRrr+jkqLw42fqb/4rNuASfvsA==",
      "license": "MIT",
      "dependencies": {
        "@solana/accounts": "5.1.0",
        "@solana/addresses": "5.1.0",
        "@solana/codecs": "5.1.0",
        "@solana/errors": "5.1.0",
        "@solana/functional": "5.1.0",
        "@solana/instruction-plans": "5.1.0",
        "@solana/instructions": "5.1.0",
        "@solana/keys": "5.1.0",
        "@solana/offchain-messages": "5.1.0",
        "@solana/programs": "5.1.0",
        "@solana/rpc": "5.1.0",
        "@solana/rpc-parsed-types": "5.1.0",
        "@solana/rpc-spec-types": "5.1.0",
        "@solana/rpc-subscriptions": "5.1.0",
        "@solana/rpc-types": "5.1.0",
        "@solana/signers": "5.1.0",
        "@solana/sysvars": "5.1.0",
        "@solana/transaction-confirmation": "5.1.0",
        "@solana/transaction-messages": "5.1.0",
        "@solana/transactions": "5.1.0"
      },
      "engines": {
        "node": ">=20.18.0"
      },
      "peerDependencies": {
        "typescript": ">=5.3.3"
      }
    },
    "node_modules/@solana/nominal-types": {
      "version": "5.1.0",
      "resolved": "https://registry.npmjs.org/@solana/nominal-types/-/nominal-types-5.1.0.tgz",
      "integrity": "sha512-+4Cm+SpK+D811i9giqv4Up93ZlmUcZfLDHkSH24F4in61+Y2TKA+XKuRtKhNytQMmqCfbvJZ9MHFaIeZw5g+Bg==",
      "license": "MIT",
      "engines": {
        "node": ">=20.18.0"
      },
      "peerDependencies": {
        "typescript": ">=5.3.3"
      }
    },
    "node_modules/@solana/offchain-messages": {
      "version": "5.1.0",
      "resolved": "https://registry.npmjs.org/@solana/offchain-messages/-/offchain-messages-5.1.0.tgz",
      "integrity": "sha512-6FUXjiIJprjWa7y/T4E3rUb3HKi3P5zpBweBEwDflEEJ/QlieWUw7xlGAOvZ1eF3Wi+6LfcrdtZOwIkuv6o9Sg==",
      "license": "MIT",
      "dependencies": {
        "@solana/addresses": "5.1.0",
        "@solana/codecs-core": "5.1.0",
        "@solana/codecs-data-structures": "5.1.0",
        "@solana/codecs-numbers": "5.1.0",
        "@solana/codecs-strings": "5.1.0",
        "@solana/errors": "5.1.0",
        "@solana/keys": "5.1.0",
        "@solana/nominal-types": "5.1.0"
      },
      "engines": {
        "node": ">=20.18.0"
      },
      "peerDependencies": {
        "typescript": ">=5.3.3"
      }
    },
    "node_modules/@solana/options": {
      "version": "5.1.0",
      "resolved": "https://registry.npmjs.org/@solana/options/-/options-5.1.0.tgz",
      "integrity": "sha512-PqgfALd0yhK+QFaYIbRFTV6hBpiy5xwdu07zSw1RLoNvt1sg+MRsRFDk9R8ZdEdiM69PY/cKiClVSjpNzLLcJg==",
      "license": "MIT",
      "dependencies": {
        "@solana/codecs-core": "5.1.0",
        "@solana/codecs-data-structures": "5.1.0",
        "@solana/codecs-numbers": "5.1.0",
        "@solana/codecs-strings": "5.1.0",
        "@solana/errors": "5.1.0"
      },
      "engines": {
        "node": ">=20.18.0"
      },
      "peerDependencies": {
        "typescript": ">=5.3.3"
      }
    },
    "node_modules/@solana/programs": {
      "version": "5.1.0",
      "resolved": "https://registry.npmjs.org/@solana/programs/-/programs-5.1.0.tgz",
      "integrity": "sha512-zAghXyRGixWNcarShlrnpjMD2115BZTF9JMLIcgkCYDOwjDPFIB/Y0hwDCH87N5uSjzlgkDpxKEL4ILewoZTRQ==",
      "license": "MIT",
      "dependencies": {
        "@solana/addresses": "5.1.0",
        "@solana/errors": "5.1.0"
      },
      "engines": {
        "node": ">=20.18.0"
      },
      "peerDependencies": {
        "typescript": ">=5.3.3"
      }
    },
    "node_modules/@solana/promises": {
      "version": "5.1.0",
      "resolved": "https://registry.npmjs.org/@solana/promises/-/promises-5.1.0.tgz",
      "integrity": "sha512-LU9wwS1PvGc/It610dclfq+JCuUEZSIWjvaF0+sqMP7QCk12Uz7MK2m9TtvLcjTvvKTIrucglRZP6qKroWRqGg==",
      "license": "MIT",
      "engines": {
        "node": ">=20.18.0"
      },
      "peerDependencies": {
        "typescript": ">=5.3.3"
      }
    },
    "node_modules/@solana/rpc": {
      "version": "5.1.0",
      "resolved": "https://registry.npmjs.org/@solana/rpc/-/rpc-5.1.0.tgz",
      "integrity": "sha512-j+ByLxFCoHWw9TnsGzkAVMFUfBDIUE53nIosJAYEsERpImD2mjwc33uDE6YXLKoaKRoYO4tc7IUzkKY1fQp/CA==",
      "license": "MIT",
      "dependencies": {
        "@solana/errors": "5.1.0",
        "@solana/fast-stable-stringify": "5.1.0",
        "@solana/functional": "5.1.0",
        "@solana/rpc-api": "5.1.0",
        "@solana/rpc-spec": "5.1.0",
        "@solana/rpc-spec-types": "5.1.0",
        "@solana/rpc-transformers": "5.1.0",
        "@solana/rpc-transport-http": "5.1.0",
        "@solana/rpc-types": "5.1.0"
      },
      "engines": {
        "node": ">=20.18.0"
      },
      "peerDependencies": {
        "typescript": ">=5.3.3"
      }
    },
    "node_modules/@solana/rpc-api": {
      "version": "5.1.0",
      "resolved": "https://registry.npmjs.org/@solana/rpc-api/-/rpc-api-5.1.0.tgz",
      "integrity": "sha512-eI1tY0i3gmih1C65gFECYbfPRpHEYqFp+9IKjpknZtYpQIe9BqBKSpfYpGiCAbKdN/TMadBNPOzdK15ewhkkvQ==",
      "license": "MIT",
      "dependencies": {
        "@solana/addresses": "5.1.0",
        "@solana/codecs-core": "5.1.0",
        "@solana/codecs-strings": "5.1.0",
        "@solana/errors": "5.1.0",
        "@solana/keys": "5.1.0",
        "@solana/rpc-parsed-types": "5.1.0",
        "@solana/rpc-spec": "5.1.0",
        "@solana/rpc-transformers": "5.1.0",
        "@solana/rpc-types": "5.1.0",
        "@solana/transaction-messages": "5.1.0",
        "@solana/transactions": "5.1.0"
      },
      "engines": {
        "node": ">=20.18.0"
      },
      "peerDependencies": {
        "typescript": ">=5.3.3"
      }
    },
    "node_modules/@solana/rpc-parsed-types": {
      "version": "5.1.0",
      "resolved": "https://registry.npmjs.org/@solana/rpc-parsed-types/-/rpc-parsed-types-5.1.0.tgz",
      "integrity": "sha512-ZJoXHNItALMNa1zmGrNnIh96RBlc9GpIqoaZkdE14mAQ7gWe7Oc0ejYavUeSCmcL0wZcvIFh50AsfVxrHr4+2Q==",
      "license": "MIT",
      "engines": {
        "node": ">=20.18.0"
      },
      "peerDependencies": {
        "typescript": ">=5.3.3"
      }
    },
    "node_modules/@solana/rpc-spec": {
      "version": "5.1.0",
      "resolved": "https://registry.npmjs.org/@solana/rpc-spec/-/rpc-spec-5.1.0.tgz",
      "integrity": "sha512-y8B6fUWA1EBKXUsNo6b9EiFcQPsaJREPLlcIDbo4b6TucQNwvl7FHfpf1VHJL64SkI/WE69i2WEkiOJYjmLO0A==",
      "license": "MIT",
      "dependencies": {
        "@solana/errors": "5.1.0",
        "@solana/rpc-spec-types": "5.1.0"
      },
      "engines": {
        "node": ">=20.18.0"
      },
      "peerDependencies": {
        "typescript": ">=5.3.3"
      }
    },
    "node_modules/@solana/rpc-spec-types": {
      "version": "5.1.0",
      "resolved": "https://registry.npmjs.org/@solana/rpc-spec-types/-/rpc-spec-types-5.1.0.tgz",
      "integrity": "sha512-B8/WyjmHpC34vXtAmTpZyPwRCm7WwoSkmjBcBouaaY1uilJ9+Wp2nptbq2cJyWairOoMSoI7v5kvvnrJuquq4Q==",
      "license": "MIT",
      "engines": {
        "node": ">=20.18.0"
      },
      "peerDependencies": {
        "typescript": ">=5.3.3"
      }
    },
    "node_modules/@solana/rpc-subscriptions": {
      "version": "5.1.0",
      "resolved": "https://registry.npmjs.org/@solana/rpc-subscriptions/-/rpc-subscriptions-5.1.0.tgz",
      "integrity": "sha512-u/mafVzBbdqvYDD7x/98T5/5xk4Bl2C/90TaHiKx7FmutVC/H4QsritPTY0v9JG1dOVWbgIfUgfZ0C0DPkiYnA==",
      "license": "MIT",
      "dependencies": {
        "@solana/errors": "5.1.0",
        "@solana/fast-stable-stringify": "5.1.0",
        "@solana/functional": "5.1.0",
        "@solana/promises": "5.1.0",
        "@solana/rpc-spec-types": "5.1.0",
        "@solana/rpc-subscriptions-api": "5.1.0",
        "@solana/rpc-subscriptions-channel-websocket": "5.1.0",
        "@solana/rpc-subscriptions-spec": "5.1.0",
        "@solana/rpc-transformers": "5.1.0",
        "@solana/rpc-types": "5.1.0",
        "@solana/subscribable": "5.1.0"
      },
      "engines": {
        "node": ">=20.18.0"
      },
      "peerDependencies": {
        "typescript": ">=5.3.3"
      }
    },
    "node_modules/@solana/rpc-subscriptions-api": {
      "version": "5.1.0",
      "resolved": "https://registry.npmjs.org/@solana/rpc-subscriptions-api/-/rpc-subscriptions-api-5.1.0.tgz",
      "integrity": "sha512-84e2AsgqAGiVloW3G4RzpHPkInknu3rEuFPut2/69eq3Ab97TiTz2s5kc9gJpprtGM+xbgnIfeuGqr5F+2bXQA==",
      "license": "MIT",
      "dependencies": {
        "@solana/addresses": "5.1.0",
        "@solana/keys": "5.1.0",
        "@solana/rpc-subscriptions-spec": "5.1.0",
        "@solana/rpc-transformers": "5.1.0",
        "@solana/rpc-types": "5.1.0",
        "@solana/transaction-messages": "5.1.0",
        "@solana/transactions": "5.1.0"
      },
      "engines": {
        "node": ">=20.18.0"
      },
      "peerDependencies": {
        "typescript": ">=5.3.3"
      }
    },
    "node_modules/@solana/rpc-subscriptions-channel-websocket": {
      "version": "5.1.0",
      "resolved": "https://registry.npmjs.org/@solana/rpc-subscriptions-channel-websocket/-/rpc-subscriptions-channel-websocket-5.1.0.tgz",
      "integrity": "sha512-FzAEmHzXtlckNn7T/1dzDS7r5HmekYPstrtZKjDcVxuGMVBUkZTnb69t7EJvKNuKw1wYZEUd0EEegtC2K/9dZA==",
      "license": "MIT",
      "dependencies": {
        "@solana/errors": "5.1.0",
        "@solana/functional": "5.1.0",
        "@solana/rpc-subscriptions-spec": "5.1.0",
        "@solana/subscribable": "5.1.0"
      },
      "engines": {
        "node": ">=20.18.0"
      },
      "peerDependencies": {
        "typescript": ">=5.3.3",
        "ws": "^8.18.0"
      },
      "peerDependenciesMeta": {
        "ws": {
          "optional": true
        }
      }
    },
    "node_modules/@solana/rpc-subscriptions-spec": {
      "version": "5.1.0",
      "resolved": "https://registry.npmjs.org/@solana/rpc-subscriptions-spec/-/rpc-subscriptions-spec-5.1.0.tgz",
      "integrity": "sha512-ORfjKtainnYisql6z4YsXByVwY8/rWsedVWn5oe/V7Og9LyetTM7hwJ8FbUdRDZwyLlUrI0cEE1aG+3ma/8tPw==",
      "license": "MIT",
      "dependencies": {
        "@solana/errors": "5.1.0",
        "@solana/promises": "5.1.0",
        "@solana/rpc-spec-types": "5.1.0",
        "@solana/subscribable": "5.1.0"
      },
      "engines": {
        "node": ">=20.18.0"
      },
      "peerDependencies": {
        "typescript": ">=5.3.3"
      }
    },
    "node_modules/@solana/rpc-transformers": {
      "version": "5.1.0",
      "resolved": "https://registry.npmjs.org/@solana/rpc-transformers/-/rpc-transformers-5.1.0.tgz",
      "integrity": "sha512-6v93xi/ewGS/xEiSktNQ0bh0Uiv1/q9nR5oiFMn3BiAJRC+FdMRMxCjp6H+/Tua7wdhpClaPKrZYBQHoIp59tw==",
      "license": "MIT",
      "dependencies": {
        "@solana/errors": "5.1.0",
        "@solana/functional": "5.1.0",
        "@solana/nominal-types": "5.1.0",
        "@solana/rpc-spec-types": "5.1.0",
        "@solana/rpc-types": "5.1.0"
      },
      "engines": {
        "node": ">=20.18.0"
      },
      "peerDependencies": {
        "typescript": ">=5.3.3"
      }
    },
    "node_modules/@solana/rpc-transport-http": {
      "version": "5.1.0",
      "resolved": "https://registry.npmjs.org/@solana/rpc-transport-http/-/rpc-transport-http-5.1.0.tgz",
      "integrity": "sha512-XoGX+2n/iXzoGb3Xrltbx8avnzp15vCfCGXuZpQWFL+xUg3P4CGl217XyDGjS5VxuUml+f/30xzWl18RaAIEcw==",
      "license": "MIT",
      "dependencies": {
        "@solana/errors": "5.1.0",
        "@solana/rpc-spec": "5.1.0",
        "@solana/rpc-spec-types": "5.1.0",
        "undici-types": "^7.16.0"
      },
      "engines": {
        "node": ">=20.18.0"
      },
      "peerDependencies": {
        "typescript": ">=5.3.3"
      }
    },
    "node_modules/@solana/rpc-types": {
      "version": "5.1.0",
      "resolved": "https://registry.npmjs.org/@solana/rpc-types/-/rpc-types-5.1.0.tgz",
      "integrity": "sha512-Rnpt5BuHQvnULPNXUC/yRqB+7iPbon95CSCeyRvPj5tJ4fx2JibvX3s/UEoud5vC+kRjPi/R0BGJ8XFvd3eDWg==",
      "license": "MIT",
      "dependencies": {
        "@solana/addresses": "5.1.0",
        "@solana/codecs-core": "5.1.0",
        "@solana/codecs-numbers": "5.1.0",
        "@solana/codecs-strings": "5.1.0",
        "@solana/errors": "5.1.0",
        "@solana/nominal-types": "5.1.0"
      },
      "engines": {
        "node": ">=20.18.0"
      },
      "peerDependencies": {
        "typescript": ">=5.3.3"
      }
    },
    "node_modules/@solana/signers": {
      "version": "5.1.0",
      "resolved": "https://registry.npmjs.org/@solana/signers/-/signers-5.1.0.tgz",
      "integrity": "sha512-B8xO0SGN1ZWYfJROL+da3id279qNbXbXoqud+AuT5gur51RrS4YhNkTQ6khVbGtAOpPMAhkoZN0jnfCC1r33jQ==",
      "license": "MIT",
      "dependencies": {
        "@solana/addresses": "5.1.0",
        "@solana/codecs-core": "5.1.0",
        "@solana/errors": "5.1.0",
        "@solana/instructions": "5.1.0",
        "@solana/keys": "5.1.0",
        "@solana/nominal-types": "5.1.0",
        "@solana/offchain-messages": "5.1.0",
        "@solana/transaction-messages": "5.1.0",
        "@solana/transactions": "5.1.0"
      },
      "engines": {
        "node": ">=20.18.0"
      },
      "peerDependencies": {
        "typescript": ">=5.3.3"
      }
    },
    "node_modules/@solana/subscribable": {
      "version": "5.1.0",
      "resolved": "https://registry.npmjs.org/@solana/subscribable/-/subscribable-5.1.0.tgz",
      "integrity": "sha512-OeW5AJwKzHh18+PIPtghuuPJTmEep2Mhb3Lsrq4alas4fibmMGkr39z1HXxVF6l6e2lu/YGhHIDtuhouWmY7ow==",
      "license": "MIT",
      "dependencies": {
        "@solana/errors": "5.1.0"
      },
      "engines": {
        "node": ">=20.18.0"
      },
      "peerDependencies": {
        "typescript": ">=5.3.3"
      }
    },
    "node_modules/@solana/sysvars": {
      "version": "5.1.0",
      "resolved": "https://registry.npmjs.org/@solana/sysvars/-/sysvars-5.1.0.tgz",
      "integrity": "sha512-FJ9YIsLTAaajnOrYEYn54znstXJsvKndRhyCrlyiAEN1IXHw5HtZHploLF3ZZ78b7YU3uv3tFJMziXFBwPOn4Q==",
      "license": "MIT",
      "dependencies": {
        "@solana/accounts": "5.1.0",
        "@solana/codecs": "5.1.0",
        "@solana/errors": "5.1.0",
        "@solana/rpc-types": "5.1.0"
      },
      "engines": {
        "node": ">=20.18.0"
      },
      "peerDependencies": {
        "typescript": ">=5.3.3"
      }
    },
    "node_modules/@solana/transaction-confirmation": {
      "version": "5.1.0",
      "resolved": "https://registry.npmjs.org/@solana/transaction-confirmation/-/transaction-confirmation-5.1.0.tgz",
      "integrity": "sha512-6HnL0uH8tWZXJVuaoeTbCQp/FS11Bsc4GSlq+k0N21GdhTbFuqBhsxlAYWbzPWs9+/kYRGHqqXvBPCReWxT7BA==",
      "license": "MIT",
      "dependencies": {
        "@solana/addresses": "5.1.0",
        "@solana/codecs-strings": "5.1.0",
        "@solana/errors": "5.1.0",
        "@solana/keys": "5.1.0",
        "@solana/promises": "5.1.0",
        "@solana/rpc": "5.1.0",
        "@solana/rpc-subscriptions": "5.1.0",
        "@solana/rpc-types": "5.1.0",
        "@solana/transaction-messages": "5.1.0",
        "@solana/transactions": "5.1.0"
      },
      "engines": {
        "node": ">=20.18.0"
      },
      "peerDependencies": {
        "typescript": ">=5.3.3"
      }
    },
    "node_modules/@solana/transaction-messages": {
      "version": "5.1.0",
      "resolved": "https://registry.npmjs.org/@solana/transaction-messages/-/transaction-messages-5.1.0.tgz",
      "integrity": "sha512-9rNV2YJhd85WIMvnwa/vUY4xUw3ZTU17jP1KDo/fFZWk55a0ov0ATJJPyC5HAR1i6hT1cmJzGH/UHhnD9m/Q3w==",
      "license": "MIT",
      "dependencies": {
        "@solana/addresses": "5.1.0",
        "@solana/codecs-core": "5.1.0",
        "@solana/codecs-data-structures": "5.1.0",
        "@solana/codecs-numbers": "5.1.0",
        "@solana/errors": "5.1.0",
        "@solana/functional": "5.1.0",
        "@solana/instructions": "5.1.0",
        "@solana/nominal-types": "5.1.0",
        "@solana/rpc-types": "5.1.0"
      },
      "engines": {
        "node": ">=20.18.0"
      },
      "peerDependencies": {
        "typescript": ">=5.3.3"
      }
    },
    "node_modules/@solana/transactions": {
      "version": "5.1.0",
      "resolved": "https://registry.npmjs.org/@solana/transactions/-/transactions-5.1.0.tgz",
      "integrity": "sha512-06JwSPtz+38ozNgpysAXS2eTMPQCufIisXB6K88X8J4GF8ziqs4nkq0BpXAXn+MpZTkuMt+JeW2RxP3HKhXe5g==",
      "license": "MIT",
      "dependencies": {
        "@solana/addresses": "5.1.0",
        "@solana/codecs-core": "5.1.0",
        "@solana/codecs-data-structures": "5.1.0",
        "@solana/codecs-numbers": "5.1.0",
        "@solana/codecs-strings": "5.1.0",
        "@solana/errors": "5.1.0",
        "@solana/functional": "5.1.0",
        "@solana/instructions": "5.1.0",
        "@solana/keys": "5.1.0",
        "@solana/nominal-types": "5.1.0",
        "@solana/rpc-types": "5.1.0",
        "@solana/transaction-messages": "5.1.0"
      },
      "engines": {
        "node": ">=20.18.0"
      },
      "peerDependencies": {
        "typescript": ">=5.3.3"
      }
    },
    "node_modules/chalk": {
      "version": "5.6.2",
      "resolved": "https://registry.npmjs.org/chalk/-/chalk-5.6.2.tgz",
      "integrity": "sha512-7NzBL0rN6fMUW+f7A6Io4h40qQlG+xGmtMxfbnH/K7TAtt8JQWVQK+6g0UXKMeVJoyV5EkkNsErQ8pVD3bLHbA==",
      "license": "MIT",
      "engines": {
        "node": "^12.17.0 || ^14.13 || >=16.0.0"
      },
      "funding": {
        "url": "https://github.com/chalk/chalk?sponsor=1"
      }
    },
    "node_modules/commander": {
      "version": "14.0.2",
      "resolved": "https://registry.npmjs.org/commander/-/commander-14.0.2.tgz",
      "integrity": "sha512-TywoWNNRbhoD0BXs1P3ZEScW8W5iKrnbithIl0YH+uCmBd0QpPOA8yc82DS3BIE5Ma6FnBVUsJ7wVUDz4dvOWQ==",
      "license": "MIT",
      "engines": {
        "node": ">=20"
      }
    },
    "node_modules/typescript": {
      "version": "5.9.3",
      "resolved": "https://registry.npmjs.org/typescript/-/typescript-5.9.3.tgz",
      "integrity": "sha512-jl1vZzPDinLr9eUt3J/t7V6FgNEw9QjvBPdysz9KfQDD41fQrC2Y4vKQdiaUpFT4bXlb1RHhLpp8wtm6M5TgSw==",
      "license": "Apache-2.0",
      "peer": true,
      "bin": {
        "tsc": "bin/tsc",
        "tsserver": "bin/tsserver"
      },
      "engines": {
        "node": ">=14.17"
      }
    },
    "node_modules/undici-types": {
      "version": "7.16.0",
      "resolved": "https://registry.npmjs.org/undici-types/-/undici-types-7.16.0.tgz",
      "integrity": "sha512-Zz+aZWSj8LE6zoxD+xrjh4VfkIG8Ya6LvYkZqtUQGJPZjYl53ypCaUwWqo7eI0x66KBGeRo+mlBEkMSeSZ38Nw==",
      "license": "MIT"
    },
    "node_modules/ws": {
      "version": "8.18.3",
      "resolved": "https://registry.npmjs.org/ws/-/ws-8.18.3.tgz",
      "integrity": "sha512-PEIGCY5tSlUt50cqyMXfCzX+oOPqN0vuGqWzbcJ2xvnkzkq46oOpz7dQaTDBdfICb4N14+GARUDw2XV2N4tvzg==",
      "license": "MIT",
      "engines": {
        "node": ">=10.0.0"
      },
      "peerDependencies": {
        "bufferutil": "^4.0.1",
        "utf-8-validate": ">=5.0.2"
      },
      "peerDependenciesMeta": {
        "bufferutil": {
          "optional": true
        },
        "utf-8-validate": {
          "optional": true
        }
      }
    }
  }
}
